# This file is automatically @generated by Poetry 1.5.4 and should not be changed by hand.

[[package]]
name = "plane-war"
version = "1.0"
description = "飞机大战"
optional = false
python-versions = "*"
files = [
    {file = "plane_war-1.0.tar.gz", hash = "sha256:3283ae8d5ef4b65e0d9d2bfcb6529212cc8bc26b090ecac721f1348675975dc2"},
]

[metadata]
lock-version = "2.0"
python-versions = ">=3.10.0,<3.12"
content-hash = "fd923299dca670f5b6f882e90aa32ded04666ae4d9cee9c958c3dcfcbe66a8b3"
